
Microsoft Visual Studio Solution File, Format Version 12.00
# Visual Studio 2013
VisualStudioVersion = 12.0.30501.0
MinimumVisualStudioVersion = 10.0.40219.1
Project("{888888A0-9F3D-457C-B088-3A5042F75D52}") = "CollaborativeFilteringWI", "CollaborativeFilteringWI\CollaborativeFilteringWI.pyproj", "{B2A7F255-365F-4311-9654-A8288B3144ED}"
EndProject
Global
	GlobalSection(SolutionConfigurationPlatforms) = preSolution
		Debug|Any CPU = Debug|Any CPU
		Release|Any CPU = Release|Any CPU
	EndGlobalSection
	GlobalSection(ProjectConfigurationPlatforms) = postSolution
		{B2A7F255-365F-4311-9654-A8288B3144ED}.Debug|Any CPU.ActiveCfg = Debug|Any CPU
		{B2A7F255-365F-4311-9654-A8288B3144ED}.Release|Any CPU.ActiveCfg = Release|Any CPU
	EndGlobalSection
	GlobalSection(SolutionProperties) = preSolution
		HideSolutionNode = FALSE
	EndGlobalSection
EndGlobal
